<?xml version="1.0" encoding="utf-8"?>
<Project ToolsVersion="4.0" xmlns="http://schemas.microsoft.com/developer/msbuild/2003">
  <ItemGroup>
    <Filter Include="Header Files">
      <UniqueIdentifier>{93995380-89BD-4b04-88EB-625FBE52EBFB}</UniqueIdentifier>
      <Extensions>h;hpp;hxx;hm;inl;inc;xsd</Extensions>
    </Filter>
    <Filter Include="Source Files">
      <UniqueIdentifier>{4FC737F1-C7A5-4376-A066-2A32D752A2FF}</UniqueIdentifier>
      <Extensions>cpp;c;cxx;def;odl;idl;hpj;bat;asm;asmx</Extensions>
    </Filter>
  </ItemGroup>
  <ItemGroup>
    <ClCompile Include="..\gme\blargg_common.cpp">
      <Filter>Source Files</Filter>
    </ClCompile>
    <ClCompile Include="..\gme\blargg_errors.cpp">
      <Filter>Source Files</Filter>
    </ClCompile>
    <ClCompile Include="..\gme\Blip_Buffer.cpp">
      <Filter>Source Files</Filter>
    </ClCompile>
    <ClCompile Include="..\gme\Classic_Emu.cpp">
      <Filter>Source Files</Filter>
    </ClCompile>
    <ClCompile Include="..\gme\Effects_Buffer.cpp">
      <Filter>Source Files</Filter>
    </ClCompile>
    <ClCompile Include="..\gme\gme.cpp">
      <Filter>Source Files</Filter>
    </ClCompile>
    <ClCompile Include="..\gme\Gme_File.cpp">
      <Filter>Source Files</Filter>
    </ClCompile>
    <ClCompile Include="..\gme\Gme_Loader.cpp">
      <Filter>Source Files</Filter>
    </ClCompile>
    <ClCompile Include="..\gme\M3u_Playlist.cpp">
      <Filter>Source Files</Filter>
    </ClCompile>
    <ClCompile Include="..\gme\Multi_Buffer.cpp">
      <Filter>Source Files</Filter>
    </ClCompile>
    <ClCompile Include="..\gme\Music_Emu.cpp">
      <Filter>Source Files</Filter>
    </ClCompile>
    <ClCompile Include="..\gme\Nes_Apu.cpp">
      <Filter>Source Files</Filter>
    </ClCompile>
    <ClCompile Include="..\gme\Nes_Cpu.cpp">
      <Filter>Source Files</Filter>
    </ClCompile>
    <ClCompile Include="..\gme\Nes_Fds_Apu.cpp">
      <Filter>Source Files</Filter>
    </ClCompile>
    <ClCompile Include="..\gme\Nes_Fme7_Apu.cpp">
      <Filter>Source Files</Filter>
    </ClCompile>
    <ClCompile Include="..\gme\Nes_Namco_Apu.cpp">
      <Filter>Source Files</Filter>
    </ClCompile>
    <ClCompile Include="..\gme\Nes_Oscs.cpp">
      <Filter>Source Files</Filter>
    </ClCompile>
    <ClCompile Include="..\gme\Nes_Vrc6_Apu.cpp">
      <Filter>Source Files</Filter>
    </ClCompile>
    <ClCompile Include="..\gme\Nes_Vrc7_Apu.cpp">
      <Filter>Source Files</Filter>
    </ClCompile>
    <ClCompile Include="..\gme\Nsfe_Emu.cpp">
      <Filter>Source Files</Filter>
    </ClCompile>
    <ClCompile Include="..\gme\Nsf_Core.cpp">
      <Filter>Source Files</Filter>
    </ClCompile>
    <ClCompile Include="..\gme\Nsf_Cpu.cpp">
      <Filter>Source Files</Filter>
    </ClCompile>
    <ClCompile Include="..\gme\Nsf_Emu.cpp">
      <Filter>Source Files</Filter>
    </ClCompile>
    <ClCompile Include="..\gme\Nsf_Impl.cpp">
      <Filter>Source Files</Filter>
    </ClCompile>
    <ClCompile Include="..\gme\Track_Filter.cpp">
      <Filter>Source Files</Filter>
    </ClCompile>
  </ItemGroup>
  <ItemGroup>
    <ClInclude Include="..\gme\blargg_common.h">
      <Filter>Header Files</Filter>
    </ClInclude>
    <ClInclude Include="..\gme\blargg_config.h">
      <Filter>Header Files</Filter>
    </ClInclude>
    <ClInclude Include="..\gme\blargg_endian.h">
      <Filter>Header Files</Filter>
    </ClInclude>
    <ClInclude Include="..\gme\blargg_errors.h">
      <Filter>Header Files</Filter>
    </ClInclude>
    <ClInclude Include="..\gme\blargg_source.h">
      <Filter>Header Files</Filter>
    </ClInclude>
    <ClInclude Include="..\gme\Blip_Buffer.h">
      <Filter>Header Files</Filter>
    </ClInclude>
    <ClInclude Include="..\gme\Blip_Buffer_impl.h">
      <Filter>Header Files</Filter>
    </ClInclude>
    <ClInclude Include="..\gme\Blip_Buffer_impl2.h">
      <Filter>Header Files</Filter>
    </ClInclude>
    <ClInclude Include="..\gme\Classic_Emu.h">
      <Filter>Header Files</Filter>
    </ClInclude>
    <ClInclude Include="..\gme\Effects_Buffer.h">
      <Filter>Header Files</Filter>
    </ClInclude>
    <ClInclude Include="..\gme\gme.h">
      <Filter>Header Files</Filter>
    </ClInclude>
    <ClInclude Include="..\gme\Gme_File.h">
      <Filter>Header Files</Filter>
    </ClInclude>
    <ClInclude Include="..\gme\Gme_Loader.h">
      <Filter>Header Files</Filter>
    </ClInclude>
    <ClInclude Include="..\gme\M3u_Playlist.h">
      <Filter>Header Files</Filter>
    </ClInclude>
    <ClInclude Include="..\gme\Multi_Buffer.h">
      <Filter>Header Files</Filter>
    </ClInclude>
    <ClInclude Include="..\gme\Music_Emu.h">
      <Filter>Header Files</Filter>
    </ClInclude>
    <ClInclude Include="..\gme\Nes_Apu.h">
      <Filter>Header Files</Filter>
    </ClInclude>
    <ClInclude Include="..\gme\Nes_Cpu.h">
      <Filter>Header Files</Filter>
    </ClInclude>
    <ClInclude Include="..\gme\Nes_Cpu_run.h">
      <Filter>Header Files</Filter>
    </ClInclude>
    <ClInclude Include="..\gme\Nes_Fds_Apu.h">
      <Filter>Header Files</Filter>
    </ClInclude>
    <ClInclude Include="..\gme\Nes_Fme7_Apu.h">
      <Filter>Header Files</Filter>
    </ClInclude>
    <ClInclude Include="..\gme\Nes_Mmc5_Apu.h">
      <Filter>Header Files</Filter>
    </ClInclude>
    <ClInclude Include="..\gme\Nes_Namco_Apu.h">
      <Filter>Header Files</Filter>
    </ClInclude>
    <ClInclude Include="..\gme\Nes_Oscs.h">
      <Filter>Header Files</Filter>
    </ClInclude>
    <ClInclude Include="..\gme\Nes_Vrc6_Apu.h">
      <Filter>Header Files</Filter>
    </ClInclude>
    <ClInclude Include="..\gme\Nes_Vrc7_Apu.h">
      <Filter>Header Files</Filter>
    </ClInclude>
    <ClInclude Include="..\gme\Nsfe_Emu.h">
      <Filter>Header Files</Filter>
    </ClInclude>
    <ClInclude Include="..\gme\Nsf_Core.h">
      <Filter>Header Files</Filter>
    </ClInclude>
    <ClInclude Include="..\gme\Nsf_Emu.h">
      <Filter>Header Files</Filter>
    </ClInclude>
    <ClInclude Include="..\gme\Nsf_Impl.h">
      <Filter>Header Files</Filter>
    </ClInclude>
    <ClInclude Include="..\gme\Track_Filter.h">
      <Filter>Header Files</Filter>
    </ClInclude>
  </ItemGroup>
</Project>